
Microsoft Visual Studio Solution File, Format Version 12.00
# Visual Studio Version 16
VisualStudioVersion = 16.0.30011.22
MinimumVisualStudioVersion = 10.0.40219.1
Project("{888888A0-9F3D-457C-B088-3A5042F75D52}") = "File Renamer", "File Renamer.pyproj", "{10772267-1FC9-466F-A803-4C3E9987765B}"
EndProject
Global
	GlobalSection(SolutionConfigurationPlatforms) = preSolution
		Debug|Any CPU = Debug|Any CPU
		Release|Any CPU = Release|Any CPU
	EndGlobalSection
	GlobalSection(ProjectConfigurationPlatforms) = postSolution
		{10772267-1FC9-466F-A803-4C3E9987765B}.Debug|Any CPU.ActiveCfg = Debug|Any CPU
		{10772267-1FC9-466F-A803-4C3E9987765B}.Release|Any CPU.ActiveCfg = Release|Any CPU
	EndGlobalSection
	GlobalSection(SolutionProperties) = preSolution
		HideSolutionNode = FALSE
	EndGlobalSection
	GlobalSection(ExtensibilityGlobals) = postSolution
		SolutionGuid = {12E12DDE-0C2E-4614-B776-5E63C00A5D96}
	EndGlobalSection
EndGlobal
